
Microsoft Visual Studio Solution File, Format Version 12.00
# Visual Studio Version 16
VisualStudioVersion = 16.0.31410.357
MinimumVisualStudioVersion = 10.0.40219.1
Project("{9A19103F-16F7-4668-BE54-9A1E7A4F7556}") = "RandomCards", "RandomCards\RandomCards.csproj", "{2C398316-6A8B-4346-B0B0-EFEDE3B3C4BB}"
EndProject
Project("{FAE04EC0-301F-11D3-BF4B-00C04F79EFBC}") = "RandomCardsTests", "RandomCardsTests\RandomCardsTests.csproj", "{288C5A51-B2BF-44B1-8C88-AA5A2DAE4EFC}"
EndProject
Global
	GlobalSection(SolutionConfigurationPlatforms) = preSolution
		Debug|Any CPU = Debug|Any CPU
		Release|Any CPU = Release|Any CPU
	EndGlobalSection
	GlobalSection(ProjectConfigurationPlatforms) = postSolution
		{2C398316-6A8B-4346-B0B0-EFEDE3B3C4BB}.Debug|Any CPU.ActiveCfg = Debug|Any CPU
		{2C398316-6A8B-4346-B0B0-EFEDE3B3C4BB}.Debug|Any CPU.Build.0 = Debug|Any CPU
		{2C398316-6A8B-4346-B0B0-EFEDE3B3C4BB}.Release|Any CPU.ActiveCfg = Release|Any CPU
		{2C398316-6A8B-4346-B0B0-EFEDE3B3C4BB}.Release|Any CPU.Build.0 = Release|Any CPU
		{288C5A51-B2BF-44B1-8C88-AA5A2DAE4EFC}.Debug|Any CPU.ActiveCfg = Debug|Any CPU
		{288C5A51-B2BF-44B1-8C88-AA5A2DAE4EFC}.Debug|Any CPU.Build.0 = Debug|Any CPU
		{288C5A51-B2BF-44B1-8C88-AA5A2DAE4EFC}.Release|Any CPU.ActiveCfg = Release|Any CPU
		{288C5A51-B2BF-44B1-8C88-AA5A2DAE4EFC}.Release|Any CPU.Build.0 = Release|Any CPU
	EndGlobalSection
	GlobalSection(SolutionProperties) = preSolution
		HideSolutionNode = FALSE
	EndGlobalSection
	GlobalSection(ExtensibilityGlobals) = postSolution
		SolutionGuid = {5BB79CD7-C6B3-4BA2-BC8C-91229E897CA8}
	EndGlobalSection
EndGlobal
